// !$*UTF8*$!
{
	archiveVersion = 1;
	classes = {
	};
	objectVersion = 77;
	objects = {

/* Begin PBXBuildFile section */
		8BA6C2EA2E453742005B468A /* CoreFoundational in Frameworks */ = {isa = PBXBuildFile; productRef = 8BA6C2E92E453742005B468A /* CoreFoundational */; };
		8BA6C2EC2E453742005B468A /* CoreNetworking in Frameworks */ = {isa = PBXBuildFile; productRef = 8BA6C2EB2E453742005B468A /* CoreNetworking */; };
		8BA6C2EE2E453742005B468A /* CorePresentation in Frameworks */ = {isa = PBXBuildFile; productRef = 8BA6C2ED2E453742005B468A /* CorePresentation */; };
		8BA6C2F02E453742005B468A /* MockNetworking in Frameworks */ = {isa = PBXBuildFile; productRef = 8BA6C2EF2E453742005B468A /* MockNetworking */; };
		8BA6C3112E453F9A005B468A /* CoreStackExchange in Frameworks */ = {isa = PBXBuildFile; productRef = 8BA6C3102E453F9A005B468A /* CoreStackExchange */; };
/* End PBXBuildFile section */

/* Begin PBXContainerItemProxy section */
		8BA6C2462E4531D9005B468A /* PBXContainerItemProxy */ = {
			isa = PBXContainerItemProxy;
			containerPortal = 8BA6C2272E4531D6005B468A /* Project object */;
			proxyType = 1;
			remoteGlobalIDString = 8BA6C22E2E4531D6005B468A;
			remoteInfo = StackUsers;
		};
		8BA6C2502E4531D9005B468A /* PBXContainerItemProxy */ = {
			isa = PBXContainerItemProxy;
			containerPortal = 8BA6C2272E4531D6005B468A /* Project object */;
			proxyType = 1;
			remoteGlobalIDString = 8BA6C22E2E4531D6005B468A;
			remoteInfo = StackUsers;
		};
/* End PBXContainerItemProxy section */

/* Begin PBXFileReference section */
		8BA6C22F2E4531D6005B468A /* StackUsers.app */ = {isa = PBXFileReference; explicitFileType = wrapper.application; includeInIndex = 0; path = StackUsers.app; sourceTree = BUILT_PRODUCTS_DIR; };
		8BA6C2452E4531D9005B468A /* StackUsersTests.xctest */ = {isa = PBXFileReference; explicitFileType = wrapper.cfbundle; includeInIndex = 0; path = StackUsersTests.xctest; sourceTree = BUILT_PRODUCTS_DIR; };
		8BA6C24F2E4531D9005B468A /* StackUsersUITests.xctest */ = {isa = PBXFileReference; explicitFileType = wrapper.cfbundle; includeInIndex = 0; path = StackUsersUITests.xctest; sourceTree = BUILT_PRODUCTS_DIR; };
/* End PBXFileReference section */

/* Begin PBXFileSystemSynchronizedBuildFileExceptionSet section */
		8BA6C2572E4531D9005B468A /* Exceptions for "StackUsers" folder in "StackUsers" target */ = {
			isa = PBXFileSystemSynchronizedBuildFileExceptionSet;
			membershipExceptions = (
				Feature/Resources/JSON/MalformedJSON.json,
				Info.plist,
			);
			target = 8BA6C22E2E4531D6005B468A /* StackUsers */;
		};
		8BA6C2C52E45353D005B468A /* Exceptions for "StackUsersUITests" folder in "StackUsersTests" target */ = {
			isa = PBXFileSystemSynchronizedBuildFileExceptionSet;
			membershipExceptions = (
				StackUsersTests/StackUsersTests.swift,
			);
			target = 8BA6C2442E4531D9005B468A /* StackUsersTests */;
		};
		8BA6C2C62E45353D005B468A /* Exceptions for "StackUsersUITests" folder in "StackUsersUITests" target */ = {
			isa = PBXFileSystemSynchronizedBuildFileExceptionSet;
			membershipExceptions = (
				StackUsersTests/StackUsersTests.swift,
			);
			target = 8BA6C24E2E4531D9005B468A /* StackUsersUITests */;
		};
/* End PBXFileSystemSynchronizedBuildFileExceptionSet section */

/* Begin PBXFileSystemSynchronizedGroupBuildPhaseMembershipExceptionSet section */
		8BA6C31B2E4540B1005B468A /* Exceptions for "StackUsers" folder in "Compile Sources" phase from "StackUsers" target */ = {
			isa = PBXFileSystemSynchronizedGroupBuildPhaseMembershipExceptionSet;
			buildPhase = 8BA6C22B2E4531D6005B468A /* Sources */;
			membershipExceptions = (
				Feature/Resources/JSON/MalformedJSON.json,
			);
		};
/* End PBXFileSystemSynchronizedGroupBuildPhaseMembershipExceptionSet section */

/* Begin PBXFileSystemSynchronizedRootGroup section */
		8BA6C2312E4531D6005B468A /* StackUsers */ = {
			isa = PBXFileSystemSynchronizedRootGroup;
			exceptions = (
				8BA6C2572E4531D9005B468A /* Exceptions for "StackUsers" folder in "StackUsers" target */,
				8BA6C31B2E4540B1005B468A /* Exceptions for "StackUsers" folder in "Compile Sources" phase from "StackUsers" target */,
			);
			path = StackUsers;
			sourceTree = "<group>";
		};
		8BA6C2522E4531D9005B468A /* StackUsersUITests */ = {
			isa = PBXFileSystemSynchronizedRootGroup;
			exceptions = (
				8BA6C2C52E45353D005B468A /* Exceptions for "StackUsersUITests" folder in "StackUsersTests" target */,
				8BA6C2C62E45353D005B468A /* Exceptions for "StackUsersUITests" folder in "StackUsersUITests" target */,
			);
			path = StackUsersUITests;
			sourceTree = "<group>";
		};
/* End PBXFileSystemSynchronizedRootGroup section */

/* Begin PBXFrameworksBuildPhase section */
		8BA6C22C2E4531D6005B468A /* Frameworks */ = {
			isa = PBXFrameworksBuildPhase;
			buildActionMask = 2147483647;
			files = (
				8BA6C3112E453F9A005B468A /* CoreStackExchange in Frameworks */,
				8BA6C2F02E453742005B468A /* MockNetworking in Frameworks */,
				8BA6C2EA2E453742005B468A /* CoreFoundational in Frameworks */,
				8BA6C2EC2E453742005B468A /* CoreNetworking in Frameworks */,
				8BA6C2EE2E453742005B468A /* CorePresentation in Frameworks */,
			);
			runOnlyForDeploymentPostprocessing = 0;
		};
		8BA6C2422E4531D9005B468A /* Frameworks */ = {
			isa = PBXFrameworksBuildPhase;
			buildActionMask = 2147483647;
			files = (
			);
			runOnlyForDeploymentPostprocessing = 0;
		};
		8BA6C24C2E4531D9005B468A /* Frameworks */ = {
			isa = PBXFrameworksBuildPhase;
			buildActionMask = 2147483647;
			files = (
			);
			runOnlyForDeploymentPostprocessing = 0;
		};
/* End PBXFrameworksBuildPhase section */

/* Begin PBXGroup section */
		8BA6C2262E4531D6005B468A = {
			isa = PBXGroup;
			children = (
				8BA6C2312E4531D6005B468A /* StackUsers */,
				8BA6C2522E4531D9005B468A /* StackUsersUITests */,
				8BA6C2E82E453742005B468A /* Frameworks */,
				8BA6C2302E4531D6005B468A /* Products */,
			);
			sourceTree = "<group>";
		};
		8BA6C2302E4531D6005B468A /* Products */ = {
			isa = PBXGroup;
			children = (
				8BA6C22F2E4531D6005B468A /* StackUsers.app */,
				8BA6C2452E4531D9005B468A /* StackUsersTests.xctest */,
				8BA6C24F2E4531D9005B468A /* StackUsersUITests.xctest */,
			);
			name = Products;
			sourceTree = "<group>";
		};
		8BA6C2E82E453742005B468A /* Frameworks */ = {
			isa = PBXGroup;
			children = (
			);
			name = Frameworks;
			sourceTree = "<group>";
		};
/* End PBXGroup section */

/* Begin PBXNativeTarget section */
		8BA6C22E2E4531D6005B468A /* StackUsers */ = {
			isa = PBXNativeTarget;
			buildConfigurationList = 8BA6C2582E4531D9005B468A /* Build configuration list for PBXNativeTarget "StackUsers" */;
			buildPhases = (
				8BA6C22B2E4531D6005B468A /* Sources */,
				8BA6C22C2E4531D6005B468A /* Frameworks */,
				8BA6C22D2E4531D6005B468A /* Resources */,
			);
			buildRules = (
			);
			dependencies = (
			);
			fileSystemSynchronizedGroups = (
				8BA6C2312E4531D6005B468A /* StackUsers */,
			);
			name = StackUsers;
			packageProductDependencies = (
				8BA6C2E92E453742005B468A /* CoreFoundational */,
				8BA6C2EB2E453742005B468A /* CoreNetworking */,
				8BA6C2ED2E453742005B468A /* CorePresentation */,
				8BA6C2EF2E453742005B468A /* MockNetworking */,
				8BA6C3102E453F9A005B468A /* CoreStackExchange */,
			);
			productName = StackUsers;
			productReference = 8BA6C22F2E4531D6005B468A /* StackUsers.app */;
			productType = "com.apple.product-type.application";
		};
		8BA6C2442E4531D9005B468A /* StackUsersTests */ = {
			isa = PBXNativeTarget;
			buildConfigurationList = 8BA6C25D2E4531D9005B468A /* Build configuration list for PBXNativeTarget "StackUsersTests" */;
			buildPhases = (
				8BA6C2412E4531D9005B468A /* Sources */,
				8BA6C2422E4531D9005B468A /* Frameworks */,
				8BA6C2432E4531D9005B468A /* Resources */,
			);
			buildRules = (
			);
			dependencies = (
				8BA6C2472E4531D9005B468A /* PBXTargetDependency */,
			);
			name = StackUsersTests;
			packageProductDependencies = (
			);
			productName = StackUsersTests;
			productReference = 8BA6C2452E4531D9005B468A /* StackUsersTests.xctest */;
			productType = "com.apple.product-type.bundle.unit-test";
		};
		8BA6C24E2E4531D9005B468A /* StackUsersUITests */ = {
			isa = PBXNativeTarget;
			buildConfigurationList = 8BA6C2602E4531D9005B468A /* Build configuration list for PBXNativeTarget "StackUsersUITests" */;
			buildPhases = (
				8BA6C24B2E4531D9005B468A /* Sources */,
				8BA6C24C2E4531D9005B468A /* Frameworks */,
				8BA6C24D2E4531D9005B468A /* Resources */,
			);
			buildRules = (
			);
			dependencies = (
				8BA6C2512E4531D9005B468A /* PBXTargetDependency */,
			);
			fileSystemSynchronizedGroups = (
				8BA6C2522E4531D9005B468A /* StackUsersUITests */,
			);
			name = StackUsersUITests;
			packageProductDependencies = (
			);
			productName = StackUsersUITests;
			productReference = 8BA6C24F2E4531D9005B468A /* StackUsersUITests.xctest */;
			productType = "com.apple.product-type.bundle.ui-testing";
		};
/* End PBXNativeTarget section */

/* Begin PBXProject section */
		8BA6C2272E4531D6005B468A /* Project object */ = {
			isa = PBXProject;
			attributes = {
				BuildIndependentTargetsInParallel = 1;
				LastSwiftUpdateCheck = 1600;
				LastUpgradeCheck = 1600;
				TargetAttributes = {
					8BA6C22E2E4531D6005B468A = {
						CreatedOnToolsVersion = 16.0;
					};
					8BA6C2442E4531D9005B468A = {
						CreatedOnToolsVersion = 16.0;
						TestTargetID = 8BA6C22E2E4531D6005B468A;
					};
					8BA6C24E2E4531D9005B468A = {
						CreatedOnToolsVersion = 16.0;
						TestTargetID = 8BA6C22E2E4531D6005B468A;
					};
				};
			};
			buildConfigurationList = 8BA6C22A2E4531D6005B468A /* Build configuration list for PBXProject "StackUsers" */;
			developmentRegion = en;
			hasScannedForEncodings = 0;
			knownRegions = (
				en,
				Base,
			);
			mainGroup = 8BA6C2262E4531D6005B468A;
			minimizedProjectReferenceProxies = 1;
			preferredProjectObjectVersion = 77;
			productRefGroup = 8BA6C2302E4531D6005B468A /* Products */;
			projectDirPath = "";
			projectRoot = "";
			targets = (
				8BA6C22E2E4531D6005B468A /* StackUsers */,
				8BA6C2442E4531D9005B468A /* StackUsersTests */,
				8BA6C24E2E4531D9005B468A /* StackUsersUITests */,
			);
		};
/* End PBXProject section */

/* Begin PBXResourcesBuildPhase section */
		8BA6C22D2E4531D6005B468A /* Resources */ = {
			isa = PBXResourcesBuildPhase;
			buildActionMask = 2147483647;
			files = (
			);
			runOnlyForDeploymentPostprocessing = 0;
		};
		8BA6C2432E4531D9005B468A /* Resources */ = {
			isa = PBXResourcesBuildPhase;
			buildActionMask = 2147483647;
			files = (
			);
			runOnlyForDeploymentPostprocessing = 0;
		};
		8BA6C24D2E4531D9005B468A /* Resources */ = {
			isa = PBXResourcesBuildPhase;
			buildActionMask = 2147483647;
			files = (
			);
			runOnlyForDeploymentPostprocessing = 0;
		};
/* End PBXResourcesBuildPhase section */

/* Begin PBXSourcesBuildPhase section */
		8BA6C22B2E4531D6005B468A /* Sources */ = {
			isa = PBXSourcesBuildPhase;
			buildActionMask = 2147483647;
			files = (
			);
			runOnlyForDeploymentPostprocessing = 0;
		};
		8BA6C2412E4531D9005B468A /* Sources */ = {
			isa = PBXSourcesBuildPhase;
			buildActionMask = 2147483647;
			files = (
			);
			runOnlyForDeploymentPostprocessing = 0;
		};
		8BA6C24B2E4531D9005B468A /* Sources */ = {
			isa = PBXSourcesBuildPhase;
			buildActionMask = 2147483647;
			files = (
			);
			runOnlyForDeploymentPostprocessing = 0;
		};
/* End PBXSourcesBuildPhase section */

/* Begin PBXTargetDependency section */
		8BA6C2472E4531D9005B468A /* PBXTargetDependency */ = {
			isa = PBXTargetDependency;
			target = 8BA6C22E2E4531D6005B468A /* StackUsers */;
			targetProxy = 8BA6C2462E4531D9005B468A /* PBXContainerItemProxy */;
		};
		8BA6C2512E4531D9005B468A /* PBXTargetDependency */ = {
			isa = PBXTargetDependency;
			target = 8BA6C22E2E4531D6005B468A /* StackUsers */;
			targetProxy = 8BA6C2502E4531D9005B468A /* PBXContainerItemProxy */;
		};
/* End PBXTargetDependency section */

/* Begin XCBuildConfiguration section */
		8BA6C2592E4531D9005B468A /* Debug */ = {
			isa = XCBuildConfiguration;
			buildSettings = {
				ASSETCATALOG_COMPILER_APPICON_NAME = AppIcon;
				ASSETCATALOG_COMPILER_GLOBAL_ACCENT_COLOR_NAME = AccentColor;
				CODE_SIGN_STYLE = Automatic;
				CURRENT_PROJECT_VERSION = 1;
				DEVELOPMENT_TEAM = D9SX45YF8X;
				GENERATE_INFOPLIST_FILE = YES;
				INFOPLIST_FILE = StackUsers/Info.plist;
				INFOPLIST_KEY_UIApplicationSupportsIndirectInputEvents = YES;
				INFOPLIST_KEY_UILaunchStoryboardName = LaunchScreen;
				INFOPLIST_KEY_UIMainStoryboardFile = UserFeed;
				INFOPLIST_KEY_UISupportedInterfaceOrientations_iPad = "UIInterfaceOrientationPortrait UIInterfaceOrientationPortraitUpsideDown UIInterfaceOrientationLandscapeLeft UIInterfaceOrientationLandscapeRight";
				INFOPLIST_KEY_UISupportedInterfaceOrientations_iPhone = "UIInterfaceOrientationPortrait UIInterfaceOrientationLandscapeLeft UIInterfaceOrientationLandscapeRight";
				LD_RUNPATH_SEARCH_PATHS = (
					"$(inherited)",
					"@executable_path/Frameworks",
				);
				MARKETING_VERSION = 1.0;
				PRODUCT_BUNDLE_IDENTIFIER = tak.stack.StackUsers;
				PRODUCT_NAME = "$(TARGET_NAME)";
				SWIFT_EMIT_LOC_STRINGS = YES;
				SWIFT_VERSION = 5.0;
				TARGETED_DEVICE_FAMILY = "1,2";
			};
			name = Debug;
		};
		8BA6C25A2E4531D9005B468A /* Release */ = {
			isa = XCBuildConfiguration;
			buildSettings = {
				ASSETCATALOG_COMPILER_APPICON_NAME = AppIcon;
				ASSETCATALOG_COMPILER_GLOBAL_ACCENT_COLOR_NAME = AccentColor;
				CODE_SIGN_STYLE = Automatic;
				CURRENT_PROJECT_VERSION = 1;
				DEVELOPMENT_TEAM = D9SX45YF8X;
				GENERATE_INFOPLIST_FILE = YES;
				INFOPLIST_FILE = StackUsers/Info.plist;
				INFOPLIST_KEY_UIApplicationSupportsIndirectInputEvents = YES;
				INFOPLIST_KEY_UILaunchStoryboardName = LaunchScreen;
				INFOPLIST_KEY_UIMainStoryboardFile = UserFeed;
				INFOPLIST_KEY_UISupportedInterfaceOrientations_iPad = "UIInterfaceOrientationPortrait UIInterfaceOrientationPortraitUpsideDown UIInterfaceOrientationLandscapeLeft UIInterfaceOrientationLandscapeRight";
				INFOPLIST_KEY_UISupportedInterfaceOrientations_iPhone = "UIInterfaceOrientationPortrait UIInterfaceOrientationLandscapeLeft UIInterfaceOrientationLandscapeRight";
				LD_RUNPATH_SEARCH_PATHS = (
					"$(inherited)",
					"@executable_path/Frameworks",
				);
				MARKETING_VERSION = 1.0;
				PRODUCT_BUNDLE_IDENTIFIER = tak.stack.StackUsers;
				PRODUCT_NAME = "$(TARGET_NAME)";
				SWIFT_EMIT_LOC_STRINGS = YES;
				SWIFT_VERSION = 5.0;
				TARGETED_DEVICE_FAMILY = "1,2";
			};
			name = Release;
		};
		8BA6C25B2E4531D9005B468A /* Debug */ = {
			isa = XCBuildConfiguration;
			buildSettings = {
				ALWAYS_SEARCH_USER_PATHS = NO;
				ASSETCATALOG_COMPILER_GENERATE_SWIFT_ASSET_SYMBOL_EXTENSIONS = YES;
				CLANG_ANALYZER_NONNULL = YES;
				CLANG_ANALYZER_NUMBER_OBJECT_CONVERSION = YES_AGGRESSIVE;
				CLANG_CXX_LANGUAGE_STANDARD = "gnu++20";
				CLANG_ENABLE_MODULES = YES;
				CLANG_ENABLE_OBJC_ARC = YES;
				CLANG_ENABLE_OBJC_WEAK = YES;
				CLANG_WARN_BLOCK_CAPTURE_AUTORELEASING = YES;
				CLANG_WARN_BOOL_CONVERSION = YES;
				CLANG_WARN_COMMA = YES;
				CLANG_WARN_CONSTANT_CONVERSION = YES;
				CLANG_WARN_DEPRECATED_OBJC_IMPLEMENTATIONS = YES;
				CLANG_WARN_DIRECT_OBJC_ISA_USAGE = YES_ERROR;
				CLANG_WARN_DOCUMENTATION_COMMENTS = YES;
				CLANG_WARN_EMPTY_BODY = YES;
				CLANG_WARN_ENUM_CONVERSION = YES;
				CLANG_WARN_INFINITE_RECURSION = YES;
				CLANG_WARN_INT_CONVERSION = YES;
				CLANG_WARN_NON_LITERAL_NULL_CONVERSION = YES;
				CLANG_WARN_OBJC_IMPLICIT_RETAIN_SELF = YES;
				CLANG_WARN_OBJC_LITERAL_CONVERSION = YES;
				CLANG_WARN_OBJC_ROOT_CLASS = YES_ERROR;
				CLANG_WARN_QUOTED_INCLUDE_IN_FRAMEWORK_HEADER = YES;
				CLANG_WARN_RANGE_LOOP_ANALYSIS = YES;
				CLANG_WARN_STRICT_PROTOTYPES = YES;
				CLANG_WARN_SUSPICIOUS_MOVE = YES;
				CLANG_WARN_UNGUARDED_AVAILABILITY = YES_AGGRESSIVE;
				CLANG_WARN_UNREACHABLE_CODE = YES;
				CLANG_WARN__DUPLICATE_METHOD_MATCH = YES;
				COPY_PHASE_STRIP = NO;
				DEBUG_INFORMATION_FORMAT = dwarf;
				ENABLE_STRICT_OBJC_MSGSEND = YES;
				ENABLE_TESTABILITY = YES;
				ENABLE_USER_SCRIPT_SANDBOXING = YES;
				GCC_C_LANGUAGE_STANDARD = gnu17;
				GCC_DYNAMIC_NO_PIC = NO;
				GCC_NO_COMMON_BLOCKS = YES;
				GCC_OPTIMIZATION_LEVEL = 0;
				GCC_PREPROCESSOR_DEFINITIONS = (
					"DEBUG=1",
					"$(inherited)",
				);
				GCC_WARN_64_TO_32_BIT_CONVERSION = YES;
				GCC_WARN_ABOUT_RETURN_TYPE = YES_ERROR;
				GCC_WARN_UNDECLARED_SELECTOR = YES;
				GCC_WARN_UNINITIALIZED_AUTOS = YES_AGGRESSIVE;
				GCC_WARN_UNUSED_FUNCTION = YES;
				GCC_WARN_UNUSED_VARIABLE = YES;
				IPHONEOS_DEPLOYMENT_TARGET = 18.0;
				LOCALIZATION_PREFERS_STRING_CATALOGS = YES;
				MTL_ENABLE_DEBUG_INFO = INCLUDE_SOURCE;
				MTL_FAST_MATH = YES;
				ONLY_ACTIVE_ARCH = YES;
				SDKROOT = iphoneos;
				SWIFT_ACTIVE_COMPILATION_CONDITIONS = "DEBUG $(inherited)";
				SWIFT_OPTIMIZATION_LEVEL = "-Onone";
			};
			name = Debug;
		};
		8BA6C25C2E4531D9005B468A /* Release */ = {
			isa = XCBuildConfiguration;
			buildSettings = {
				ALWAYS_SEARCH_USER_PATHS = NO;
				ASSETCATALOG_COMPILER_GENERATE_SWIFT_ASSET_SYMBOL_EXTENSIONS = YES;
				CLANG_ANALYZER_NONNULL = YES;
				CLANG_ANALYZER_NUMBER_OBJECT_CONVERSION = YES_AGGRESSIVE;
				CLANG_CXX_LANGUAGE_STANDARD = "gnu++20";
				CLANG_ENABLE_MODULES = YES;
				CLANG_ENABLE_OBJC_ARC = YES;
				CLANG_ENABLE_OBJC_WEAK = YES;
				CLANG_WARN_BLOCK_CAPTURE_AUTORELEASING = YES;
				CLANG_WARN_BOOL_CONVERSION = YES;
				CLANG_WARN_COMMA = YES;
				CLANG_WARN_CONSTANT_CONVERSION = YES;
				CLANG_WARN_DEPRECATED_OBJC_IMPLEMENTATIONS = YES;
				CLANG_WARN_DIRECT_OBJC_ISA_USAGE = YES_ERROR;
				CLANG_WARN_DOCUMENTATION_COMMENTS = YES;
				CLANG_WARN_EMPTY_BODY = YES;
				CLANG_WARN_ENUM_CONVERSION = YES;
				CLANG_WARN_INFINITE_RECURSION = YES;
				CLANG_WARN_INT_CONVERSION = YES;
				CLANG_WARN_NON_LITERAL_NULL_CONVERSION = YES;
				CLANG_WARN_OBJC_IMPLICIT_RETAIN_SELF = YES;
				CLANG_WARN_OBJC_LITERAL_CONVERSION = YES;
				CLANG_WARN_OBJC_ROOT_CLASS = YES_ERROR;
				CLANG_WARN_QUOTED_INCLUDE_IN_FRAMEWORK_HEADER = YES;
				CLANG_WARN_RANGE_LOOP_ANALYSIS = YES;
				CLANG_WARN_STRICT_PROTOTYPES = YES;
				CLANG_WARN_SUSPICIOUS_MOVE = YES;
				CLANG_WARN_UNGUARDED_AVAILABILITY = YES_AGGRESSIVE;
				CLANG_WARN_UNREACHABLE_CODE = YES;
				CLANG_WARN__DUPLICATE_METHOD_MATCH = YES;
				COPY_PHASE_STRIP = NO;
				DEBUG_INFORMATION_FORMAT = "dwarf-with-dsym";
				ENABLE_NS_ASSERTIONS = NO;
				ENABLE_STRICT_OBJC_MSGSEND = YES;
				ENABLE_USER_SCRIPT_SANDBOXING = YES;
				GCC_C_LANGUAGE_STANDARD = gnu17;
				GCC_NO_COMMON_BLOCKS = YES;
				GCC_WARN_64_TO_32_BIT_CONVERSION = YES;
				GCC_WARN_ABOUT_RETURN_TYPE = YES_ERROR;
				GCC_WARN_UNDECLARED_SELECTOR = YES;
				GCC_WARN_UNINITIALIZED_AUTOS = YES_AGGRESSIVE;
				GCC_WARN_UNUSED_FUNCTION = YES;
				GCC_WARN_UNUSED_VARIABLE = YES;
				IPHONEOS_DEPLOYMENT_TARGET = 18.0;
				LOCALIZATION_PREFERS_STRING_CATALOGS = YES;
				MTL_ENABLE_DEBUG_INFO = NO;
				MTL_FAST_MATH = YES;
				SDKROOT = iphoneos;
				SWIFT_COMPILATION_MODE = wholemodule;
				VALIDATE_PRODUCT = YES;
			};
			name = Release;
		};
		8BA6C25E2E4531D9005B468A /* Debug */ = {
			isa = XCBuildConfiguration;
			buildSettings = {
				BUNDLE_LOADER = "$(TEST_HOST)";
				CODE_SIGN_STYLE = Automatic;
				CURRENT_PROJECT_VERSION = 1;
				GENERATE_INFOPLIST_FILE = YES;
				IPHONEOS_DEPLOYMENT_TARGET = 18.0;
				MARKETING_VERSION = 1.0;
				PRODUCT_BUNDLE_IDENTIFIER = tak.stack.StackUsersTests;
				PRODUCT_NAME = "$(TARGET_NAME)";
				SWIFT_EMIT_LOC_STRINGS = NO;
				SWIFT_VERSION = 5.0;
				TARGETED_DEVICE_FAMILY = "1,2";
				TEST_HOST = "$(BUILT_PRODUCTS_DIR)/StackUsers.app/$(BUNDLE_EXECUTABLE_FOLDER_PATH)/StackUsers";
			};
			name = Debug;
		};
		8BA6C25F2E4531D9005B468A /* Release */ = {
			isa = XCBuildConfiguration;
			buildSettings = {
				BUNDLE_LOADER = "$(TEST_HOST)";
				CODE_SIGN_STYLE = Automatic;
				CURRENT_PROJECT_VERSION = 1;
				GENERATE_INFOPLIST_FILE = YES;
				IPHONEOS_DEPLOYMENT_TARGET = 18.0;
				MARKETING_VERSION = 1.0;
				PRODUCT_BUNDLE_IDENTIFIER = tak.stack.StackUsersTests;
				PRODUCT_NAME = "$(TARGET_NAME)";
				SWIFT_EMIT_LOC_STRINGS = NO;
				SWIFT_VERSION = 5.0;
				TARGETED_DEVICE_FAMILY = "1,2";
				TEST_HOST = "$(BUILT_PRODUCTS_DIR)/StackUsers.app/$(BUNDLE_EXECUTABLE_FOLDER_PATH)/StackUsers";
			};
			name = Release;
		};
		8BA6C2612E4531D9005B468A /* Debug */ = {
			isa = XCBuildConfiguration;
			buildSettings = {
				CODE_SIGN_STYLE = Automatic;
				CURRENT_PROJECT_VERSION = 1;
				GENERATE_INFOPLIST_FILE = YES;
				MARKETING_VERSION = 1.0;
				PRODUCT_BUNDLE_IDENTIFIER = tak.stack.StackUsersUITests;
				PRODUCT_NAME = "$(TARGET_NAME)";
				SWIFT_EMIT_LOC_STRINGS = NO;
				SWIFT_VERSION = 5.0;
				TARGETED_DEVICE_FAMILY = "1,2";
				TEST_TARGET_NAME = StackUsers;
			};
			name = Debug;
		};
		8BA6C2622E4531D9005B468A /* Release */ = {
			isa = XCBuildConfiguration;
			buildSettings = {
				CODE_SIGN_STYLE = Automatic;
				CURRENT_PROJECT_VERSION = 1;
				GENERATE_INFOPLIST_FILE = YES;
				MARKETING_VERSION = 1.0;
				PRODUCT_BUNDLE_IDENTIFIER = tak.stack.StackUsersUITests;
				PRODUCT_NAME = "$(TARGET_NAME)";
				SWIFT_EMIT_LOC_STRINGS = NO;
				SWIFT_VERSION = 5.0;
				TARGETED_DEVICE_FAMILY = "1,2";
				TEST_TARGET_NAME = StackUsers;
			};
			name = Release;
		};
/* End XCBuildConfiguration section */

/* Begin XCConfigurationList section */
		8BA6C22A2E4531D6005B468A /* Build configuration list for PBXProject "StackUsers" */ = {
			isa = XCConfigurationList;
			buildConfigurations = (
				8BA6C25B2E4531D9005B468A /* Debug */,
				8BA6C25C2E4531D9005B468A /* Release */,
			);
			defaultConfigurationIsVisible = 0;
			defaultConfigurationName = Release;
		};
		8BA6C2582E4531D9005B468A /* Build configuration list for PBXNativeTarget "StackUsers" */ = {
			isa = XCConfigurationList;
			buildConfigurations = (
				8BA6C2592E4531D9005B468A /* Debug */,
				8BA6C25A2E4531D9005B468A /* Release */,
			);
			defaultConfigurationIsVisible = 0;
			defaultConfigurationName = Release;
		};
		8BA6C25D2E4531D9005B468A /* Build configuration list for PBXNativeTarget "StackUsersTests" */ = {
			isa = XCConfigurationList;
			buildConfigurations = (
				8BA6C25E2E4531D9005B468A /* Debug */,
				8BA6C25F2E4531D9005B468A /* Release */,
			);
			defaultConfigurationIsVisible = 0;
			defaultConfigurationName = Release;
		};
		8BA6C2602E4531D9005B468A /* Build configuration list for PBXNativeTarget "StackUsersUITests" */ = {
			isa = XCConfigurationList;
			buildConfigurations = (
				8BA6C2612E4531D9005B468A /* Debug */,
				8BA6C2622E4531D9005B468A /* Release */,
			);
			defaultConfigurationIsVisible = 0;
			defaultConfigurationName = Release;
		};
/* End XCConfigurationList section */

/* Begin XCSwiftPackageProductDependency section */
		8BA6C2E92E453742005B468A /* CoreFoundational */ = {
			isa = XCSwiftPackageProductDependency;
			productName = CoreFoundational;
		};
		8BA6C2EB2E453742005B468A /* CoreNetworking */ = {
			isa = XCSwiftPackageProductDependency;
			productName = CoreNetworking;
		};
		8BA6C2ED2E453742005B468A /* CorePresentation */ = {
			isa = XCSwiftPackageProductDependency;
			productName = CorePresentation;
		};
		8BA6C2EF2E453742005B468A /* MockNetworking */ = {
			isa = XCSwiftPackageProductDependency;
			productName = MockNetworking;
		};
		8BA6C3102E453F9A005B468A /* CoreStackExchange */ = {
			isa = XCSwiftPackageProductDependency;
			productName = CoreStackExchange;
		};
/* End XCSwiftPackageProductDependency section */
	};
	rootObject = 8BA6C2272E4531D6005B468A /* Project object */;
}
