// !$*UTF8*$!
{
	archiveVersion = 1;
	classes = {
	};
	objectVersion = 77;
	objects = {

/* Begin PBXBuildFile section */
		8B08D9C62E4A499200CD30E3 /* CoreFoundational in Frameworks */ = {isa = PBXBuildFile; productRef = 8B08D9C52E4A499200CD30E3 /* CoreFoundational */; };
		8B08D9C82E4A499200CD30E3 /* CorePresentation in Frameworks */ = {isa = PBXBuildFile; productRef = 8B08D9C72E4A499200CD30E3 /* CorePresentation */; };
		8B08D9CA2E4A499200CD30E3 /* CoreStackExchange in Frameworks */ = {isa = PBXBuildFile; productRef = 8B08D9C92E4A499200CD30E3 /* CoreStackExchange */; };
		8BA6C3E72E454970005B468A /* CoreFoundational in Frameworks */ = {isa = PBXBuildFile; productRef = 8BA6C3E62E454970005B468A /* CoreFoundational */; };
		8BA6C3E92E454970005B468A /* CoreNetworking in Frameworks */ = {isa = PBXBuildFile; productRef = 8BA6C3E82E454970005B468A /* CoreNetworking */; };
		8BA6C3EB2E454970005B468A /* CorePresentation in Frameworks */ = {isa = PBXBuildFile; productRef = 8BA6C3EA2E454970005B468A /* CorePresentation */; };
		8BA6C3ED2E454970005B468A /* CoreStackExchange in Frameworks */ = {isa = PBXBuildFile; productRef = 8BA6C3EC2E454970005B468A /* CoreStackExchange */; };
		8BA6C3EF2E45497E005B468A /* CoreTesting in Frameworks */ = {isa = PBXBuildFile; productRef = 8BA6C3EE2E45497E005B468A /* CoreTesting */; };
		8BA6C3F12E45497E005B468A /* MockNetworking in Frameworks */ = {isa = PBXBuildFile; productRef = 8BA6C3F02E45497E005B468A /* MockNetworking */; };
		8BA6C3F32E4549D1005B468A /* MockNetworking in Frameworks */ = {isa = PBXBuildFile; productRef = 8BA6C3F22E4549D1005B468A /* MockNetworking */; };
		8BA6C3F52E454A09005B468A /* CoreNetworking in Frameworks */ = {isa = PBXBuildFile; productRef = 8BA6C3F42E454A09005B468A /* CoreNetworking */; };
/* End PBXBuildFile section */

/* Begin PBXContainerItemProxy section */
		8BA6C3932E454907005B468A /* PBXContainerItemProxy */ = {
			isa = PBXContainerItemProxy;
			containerPortal = 8BA6C3742E454904005B468A /* Project object */;
			proxyType = 1;
			remoteGlobalIDString = 8BA6C37B2E454904005B468A;
			remoteInfo = StackExchangeUsers;
		};
		8BA6C39D2E454907005B468A /* PBXContainerItemProxy */ = {
			isa = PBXContainerItemProxy;
			containerPortal = 8BA6C3742E454904005B468A /* Project object */;
			proxyType = 1;
			remoteGlobalIDString = 8BA6C37B2E454904005B468A;
			remoteInfo = StackExchangeUsers;
		};
/* End PBXContainerItemProxy section */

/* Begin PBXFileReference section */
		8BA6C37C2E454904005B468A /* StackExchangeUsers.app */ = {isa = PBXFileReference; explicitFileType = wrapper.application; includeInIndex = 0; path = StackExchangeUsers.app; sourceTree = BUILT_PRODUCTS_DIR; };
		8BA6C3922E454907005B468A /* StackExchangeUsersTests.xctest */ = {isa = PBXFileReference; explicitFileType = wrapper.cfbundle; includeInIndex = 0; path = StackExchangeUsersTests.xctest; sourceTree = BUILT_PRODUCTS_DIR; };
		8BA6C39C2E454907005B468A /* StackExchangeUsersUITests.xctest */ = {isa = PBXFileReference; explicitFileType = wrapper.cfbundle; includeInIndex = 0; path = StackExchangeUsersUITests.xctest; sourceTree = BUILT_PRODUCTS_DIR; };
/* End PBXFileReference section */

/* Begin PBXFileSystemSynchronizedBuildFileExceptionSet section */
		8B08D9B22E4A434F00CD30E3 /* Exceptions for "StackExchangeUsersTests" folder in "StackExchangeUsers" target */ = {
			isa = PBXFileSystemSynchronizedBuildFileExceptionSet;
			membershipExceptions = (
				Resources/JSON/EmptyUsersFeed.json,
				Resources/JSON/MalformedJSON.json,
				Resources/JSON/MalformedUserFeed.json,
				Resources/JSON/User.json,
				Resources/JSON/UserFeed.json,
				Resources/MockData.swift,
			);
			target = 8BA6C37B2E454904005B468A /* StackExchangeUsers */;
		};
		8B08D9B32E4A434F00CD30E3 /* Exceptions for "StackExchangeUsersTests" folder in "StackExchangeUsersTests" target */ = {
			isa = PBXFileSystemSynchronizedBuildFileExceptionSet;
			membershipExceptions = (
				Resources/JSON/EmptyUsersFeed.json,
				Resources/JSON/MalformedJSON.json,
				Resources/JSON/MalformedUserFeed.json,
				Resources/JSON/User.json,
				Resources/JSON/UserFeed.json,
				Resources/MockData.swift,
			);
			target = 8BA6C3912E454907005B468A /* StackExchangeUsersTests */;
		};
		8BA6C3A42E454907005B468A /* Exceptions for "StackExchangeUsers" folder in "StackExchangeUsers" target */ = {
			isa = PBXFileSystemSynchronizedBuildFileExceptionSet;
			membershipExceptions = (
				Info.plist,
			);
			target = 8BA6C37B2E454904005B468A /* StackExchangeUsers */;
		};
/* End PBXFileSystemSynchronizedBuildFileExceptionSet section */

/* Begin PBXFileSystemSynchronizedRootGroup section */
		8BA6C37E2E454904005B468A /* StackExchangeUsers */ = {
			isa = PBXFileSystemSynchronizedRootGroup;
			exceptions = (
				8BA6C3A42E454907005B468A /* Exceptions for "StackExchangeUsers" folder in "StackExchangeUsers" target */,
			);
			path = StackExchangeUsers;
			sourceTree = "<group>";
		};
		8BA6C3952E454907005B468A /* StackExchangeUsersTests */ = {
			isa = PBXFileSystemSynchronizedRootGroup;
			exceptions = (
				8B08D9B22E4A434F00CD30E3 /* Exceptions for "StackExchangeUsersTests" folder in "StackExchangeUsers" target */,
				8B08D9B32E4A434F00CD30E3 /* Exceptions for "StackExchangeUsersTests" folder in "StackExchangeUsersTests" target */,
			);
			path = StackExchangeUsersTests;
			sourceTree = "<group>";
		};
		8BA6C39F2E454907005B468A /* StackExchangeUsersUITests */ = {
			isa = PBXFileSystemSynchronizedRootGroup;
			path = StackExchangeUsersUITests;
			sourceTree = "<group>";
		};
/* End PBXFileSystemSynchronizedRootGroup section */

/* Begin PBXFrameworksBuildPhase section */
		8BA6C3792E454904005B468A /* Frameworks */ = {
			isa = PBXFrameworksBuildPhase;
			buildActionMask = 2147483647;
			files = (
				8BA6C3F32E4549D1005B468A /* MockNetworking in Frameworks */,
				8BA6C3E72E454970005B468A /* CoreFoundational in Frameworks */,
				8BA6C3E92E454970005B468A /* CoreNetworking in Frameworks */,
				8BA6C3EB2E454970005B468A /* CorePresentation in Frameworks */,
				8BA6C3ED2E454970005B468A /* CoreStackExchange in Frameworks */,
			);
			runOnlyForDeploymentPostprocessing = 0;
		};
		8BA6C38F2E454907005B468A /* Frameworks */ = {
			isa = PBXFrameworksBuildPhase;
			buildActionMask = 2147483647;
			files = (
				8B08D9C82E4A499200CD30E3 /* CorePresentation in Frameworks */,
				8BA6C3F12E45497E005B468A /* MockNetworking in Frameworks */,
				8B08D9C62E4A499200CD30E3 /* CoreFoundational in Frameworks */,
				8B08D9CA2E4A499200CD30E3 /* CoreStackExchange in Frameworks */,
				8BA6C3EF2E45497E005B468A /* CoreTesting in Frameworks */,
				8BA6C3F52E454A09005B468A /* CoreNetworking in Frameworks */,
			);
			runOnlyForDeploymentPostprocessing = 0;
		};
		8BA6C3992E454907005B468A /* Frameworks */ = {
			isa = PBXFrameworksBuildPhase;
			buildActionMask = 2147483647;
			files = (
			);
			runOnlyForDeploymentPostprocessing = 0;
		};
/* End PBXFrameworksBuildPhase section */

/* Begin PBXGroup section */
		8BA6C3732E454904005B468A = {
			isa = PBXGroup;
			children = (
				8BA6C37E2E454904005B468A /* StackExchangeUsers */,
				8BA6C3952E454907005B468A /* StackExchangeUsersTests */,
				8BA6C39F2E454907005B468A /* StackExchangeUsersUITests */,
				8BA6C3E52E454970005B468A /* Frameworks */,
				8BA6C37D2E454904005B468A /* Products */,
			);
			sourceTree = "<group>";
		};
		8BA6C37D2E454904005B468A /* Products */ = {
			isa = PBXGroup;
			children = (
				8BA6C37C2E454904005B468A /* StackExchangeUsers.app */,
				8BA6C3922E454907005B468A /* StackExchangeUsersTests.xctest */,
				8BA6C39C2E454907005B468A /* StackExchangeUsersUITests.xctest */,
			);
			name = Products;
			sourceTree = "<group>";
		};
		8BA6C3E52E454970005B468A /* Frameworks */ = {
			isa = PBXGroup;
			children = (
			);
			name = Frameworks;
			sourceTree = "<group>";
		};
/* End PBXGroup section */

/* Begin PBXNativeTarget section */
		8BA6C37B2E454904005B468A /* StackExchangeUsers */ = {
			isa = PBXNativeTarget;
			buildConfigurationList = 8BA6C3A52E454907005B468A /* Build configuration list for PBXNativeTarget "StackExchangeUsers" */;
			buildPhases = (
				8BA6C3782E454904005B468A /* Sources */,
				8BA6C3792E454904005B468A /* Frameworks */,
				8BA6C37A2E454904005B468A /* Resources */,
			);
			buildRules = (
			);
			dependencies = (
			);
			fileSystemSynchronizedGroups = (
				8BA6C37E2E454904005B468A /* StackExchangeUsers */,
			);
			name = StackExchangeUsers;
			packageProductDependencies = (
				8BA6C3E62E454970005B468A /* CoreFoundational */,
				8BA6C3E82E454970005B468A /* CoreNetworking */,
				8BA6C3EA2E454970005B468A /* CorePresentation */,
				8BA6C3EC2E454970005B468A /* CoreStackExchange */,
				8BA6C3F22E4549D1005B468A /* MockNetworking */,
			);
			productName = StackExchangeUsers;
			productReference = 8BA6C37C2E454904005B468A /* StackExchangeUsers.app */;
			productType = "com.apple.product-type.application";
		};
		8BA6C3912E454907005B468A /* StackExchangeUsersTests */ = {
			isa = PBXNativeTarget;
			buildConfigurationList = 8BA6C3AA2E454907005B468A /* Build configuration list for PBXNativeTarget "StackExchangeUsersTests" */;
			buildPhases = (
				8BA6C38E2E454907005B468A /* Sources */,
				8BA6C38F2E454907005B468A /* Frameworks */,
				8BA6C3902E454907005B468A /* Resources */,
			);
			buildRules = (
			);
			dependencies = (
				8BA6C3942E454907005B468A /* PBXTargetDependency */,
			);
			fileSystemSynchronizedGroups = (
				8BA6C3952E454907005B468A /* StackExchangeUsersTests */,
			);
			name = StackExchangeUsersTests;
			packageProductDependencies = (
				8BA6C3EE2E45497E005B468A /* CoreTesting */,
				8BA6C3F02E45497E005B468A /* MockNetworking */,
				8BA6C3F42E454A09005B468A /* CoreNetworking */,
				8B08D9C52E4A499200CD30E3 /* CoreFoundational */,
				8B08D9C72E4A499200CD30E3 /* CorePresentation */,
				8B08D9C92E4A499200CD30E3 /* CoreStackExchange */,
			);
			productName = StackExchangeUsersTests;
			productReference = 8BA6C3922E454907005B468A /* StackExchangeUsersTests.xctest */;
			productType = "com.apple.product-type.bundle.unit-test";
		};
		8BA6C39B2E454907005B468A /* StackExchangeUsersUITests */ = {
			isa = PBXNativeTarget;
			buildConfigurationList = 8BA6C3AD2E454907005B468A /* Build configuration list for PBXNativeTarget "StackExchangeUsersUITests" */;
			buildPhases = (
				8BA6C3982E454907005B468A /* Sources */,
				8BA6C3992E454907005B468A /* Frameworks */,
				8BA6C39A2E454907005B468A /* Resources */,
			);
			buildRules = (
			);
			dependencies = (
				8BA6C39E2E454907005B468A /* PBXTargetDependency */,
			);
			fileSystemSynchronizedGroups = (
				8BA6C39F2E454907005B468A /* StackExchangeUsersUITests */,
			);
			name = StackExchangeUsersUITests;
			packageProductDependencies = (
			);
			productName = StackExchangeUsersUITests;
			productReference = 8BA6C39C2E454907005B468A /* StackExchangeUsersUITests.xctest */;
			productType = "com.apple.product-type.bundle.ui-testing";
		};
/* End PBXNativeTarget section */

/* Begin PBXProject section */
		8BA6C3742E454904005B468A /* Project object */ = {
			isa = PBXProject;
			attributes = {
				BuildIndependentTargetsInParallel = 1;
				LastSwiftUpdateCheck = 1600;
				LastUpgradeCheck = 1600;
				TargetAttributes = {
					8BA6C37B2E454904005B468A = {
						CreatedOnToolsVersion = 16.0;
					};
					8BA6C3912E454907005B468A = {
						CreatedOnToolsVersion = 16.0;
						TestTargetID = 8BA6C37B2E454904005B468A;
					};
					8BA6C39B2E454907005B468A = {
						CreatedOnToolsVersion = 16.0;
						TestTargetID = 8BA6C37B2E454904005B468A;
					};
				};
			};
			buildConfigurationList = 8BA6C3772E454904005B468A /* Build configuration list for PBXProject "StackExchangeUsers" */;
			developmentRegion = en;
			hasScannedForEncodings = 0;
			knownRegions = (
				en,
				Base,
			);
			mainGroup = 8BA6C3732E454904005B468A;
			minimizedProjectReferenceProxies = 1;
			preferredProjectObjectVersion = 77;
			productRefGroup = 8BA6C37D2E454904005B468A /* Products */;
			projectDirPath = "";
			projectRoot = "";
			targets = (
				8BA6C37B2E454904005B468A /* StackExchangeUsers */,
				8BA6C3912E454907005B468A /* StackExchangeUsersTests */,
				8BA6C39B2E454907005B468A /* StackExchangeUsersUITests */,
			);
		};
/* End PBXProject section */

/* Begin PBXResourcesBuildPhase section */
		8BA6C37A2E454904005B468A /* Resources */ = {
			isa = PBXResourcesBuildPhase;
			buildActionMask = 2147483647;
			files = (
			);
			runOnlyForDeploymentPostprocessing = 0;
		};
		8BA6C3902E454907005B468A /* Resources */ = {
			isa = PBXResourcesBuildPhase;
			buildActionMask = 2147483647;
			files = (
			);
			runOnlyForDeploymentPostprocessing = 0;
		};
		8BA6C39A2E454907005B468A /* Resources */ = {
			isa = PBXResourcesBuildPhase;
			buildActionMask = 2147483647;
			files = (
			);
			runOnlyForDeploymentPostprocessing = 0;
		};
/* End PBXResourcesBuildPhase section */

/* Begin PBXSourcesBuildPhase section */
		8BA6C3782E454904005B468A /* Sources */ = {
			isa = PBXSourcesBuildPhase;
			buildActionMask = 2147483647;
			files = (
			);
			runOnlyForDeploymentPostprocessing = 0;
		};
		8BA6C38E2E454907005B468A /* Sources */ = {
			isa = PBXSourcesBuildPhase;
			buildActionMask = 2147483647;
			files = (
			);
			runOnlyForDeploymentPostprocessing = 0;
		};
		8BA6C3982E454907005B468A /* Sources */ = {
			isa = PBXSourcesBuildPhase;
			buildActionMask = 2147483647;
			files = (
			);
			runOnlyForDeploymentPostprocessing = 0;
		};
/* End PBXSourcesBuildPhase section */

/* Begin PBXTargetDependency section */
		8BA6C3942E454907005B468A /* PBXTargetDependency */ = {
			isa = PBXTargetDependency;
			target = 8BA6C37B2E454904005B468A /* StackExchangeUsers */;
			targetProxy = 8BA6C3932E454907005B468A /* PBXContainerItemProxy */;
		};
		8BA6C39E2E454907005B468A /* PBXTargetDependency */ = {
			isa = PBXTargetDependency;
			target = 8BA6C37B2E454904005B468A /* StackExchangeUsers */;
			targetProxy = 8BA6C39D2E454907005B468A /* PBXContainerItemProxy */;
		};
/* End PBXTargetDependency section */

/* Begin XCBuildConfiguration section */
		8BA6C3A62E454907005B468A /* Debug */ = {
			isa = XCBuildConfiguration;
			buildSettings = {
				ASSETCATALOG_COMPILER_APPICON_NAME = AppIcon;
				ASSETCATALOG_COMPILER_GLOBAL_ACCENT_COLOR_NAME = AccentColor;
				CODE_SIGN_STYLE = Automatic;
				CURRENT_PROJECT_VERSION = 1;
				DEVELOPMENT_TEAM = "";
				GENERATE_INFOPLIST_FILE = YES;
				INFOPLIST_FILE = StackExchangeUsers/Info.plist;
				INFOPLIST_KEY_UIApplicationSupportsIndirectInputEvents = YES;
				INFOPLIST_KEY_UILaunchStoryboardName = LaunchScreen;
				INFOPLIST_KEY_UISupportedInterfaceOrientations_iPad = "UIInterfaceOrientationPortrait UIInterfaceOrientationPortraitUpsideDown UIInterfaceOrientationLandscapeLeft UIInterfaceOrientationLandscapeRight";
				INFOPLIST_KEY_UISupportedInterfaceOrientations_iPhone = "UIInterfaceOrientationPortrait UIInterfaceOrientationLandscapeLeft UIInterfaceOrientationLandscapeRight";
				LD_RUNPATH_SEARCH_PATHS = (
					"$(inherited)",
					"@executable_path/Frameworks",
				);
				MARKETING_VERSION = 1.0;
				PRODUCT_BUNDLE_IDENTIFIER = tak.seStack.StackExchangeUsers;
				PRODUCT_NAME = "$(TARGET_NAME)";
				SWIFT_EMIT_LOC_STRINGS = YES;
				SWIFT_VERSION = 5.0;
				TARGETED_DEVICE_FAMILY = "1,2";
			};
			name = Debug;
		};
		8BA6C3A72E454907005B468A /* Release */ = {
			isa = XCBuildConfiguration;
			buildSettings = {
				ASSETCATALOG_COMPILER_APPICON_NAME = AppIcon;
				ASSETCATALOG_COMPILER_GLOBAL_ACCENT_COLOR_NAME = AccentColor;
				CODE_SIGN_STYLE = Automatic;
				CURRENT_PROJECT_VERSION = 1;
				DEVELOPMENT_TEAM = "";
				GENERATE_INFOPLIST_FILE = YES;
				INFOPLIST_FILE = StackExchangeUsers/Info.plist;
				INFOPLIST_KEY_UIApplicationSupportsIndirectInputEvents = YES;
				INFOPLIST_KEY_UILaunchStoryboardName = LaunchScreen;
				INFOPLIST_KEY_UISupportedInterfaceOrientations_iPad = "UIInterfaceOrientationPortrait UIInterfaceOrientationPortraitUpsideDown UIInterfaceOrientationLandscapeLeft UIInterfaceOrientationLandscapeRight";
				INFOPLIST_KEY_UISupportedInterfaceOrientations_iPhone = "UIInterfaceOrientationPortrait UIInterfaceOrientationLandscapeLeft UIInterfaceOrientationLandscapeRight";
				LD_RUNPATH_SEARCH_PATHS = (
					"$(inherited)",
					"@executable_path/Frameworks",
				);
				MARKETING_VERSION = 1.0;
				PRODUCT_BUNDLE_IDENTIFIER = tak.seStack.StackExchangeUsers;
				PRODUCT_NAME = "$(TARGET_NAME)";
				SWIFT_EMIT_LOC_STRINGS = YES;
				SWIFT_VERSION = 5.0;
				TARGETED_DEVICE_FAMILY = "1,2";
			};
			name = Release;
		};
		8BA6C3A82E454907005B468A /* Debug */ = {
			isa = XCBuildConfiguration;
			buildSettings = {
				ALWAYS_SEARCH_USER_PATHS = NO;
				ASSETCATALOG_COMPILER_GENERATE_SWIFT_ASSET_SYMBOL_EXTENSIONS = YES;
				CLANG_ANALYZER_NONNULL = YES;
				CLANG_ANALYZER_NUMBER_OBJECT_CONVERSION = YES_AGGRESSIVE;
				CLANG_CXX_LANGUAGE_STANDARD = "gnu++20";
				CLANG_ENABLE_MODULES = YES;
				CLANG_ENABLE_OBJC_ARC = YES;
				CLANG_ENABLE_OBJC_WEAK = YES;
				CLANG_WARN_BLOCK_CAPTURE_AUTORELEASING = YES;
				CLANG_WARN_BOOL_CONVERSION = YES;
				CLANG_WARN_COMMA = YES;
				CLANG_WARN_CONSTANT_CONVERSION = YES;
				CLANG_WARN_DEPRECATED_OBJC_IMPLEMENTATIONS = YES;
				CLANG_WARN_DIRECT_OBJC_ISA_USAGE = YES_ERROR;
				CLANG_WARN_DOCUMENTATION_COMMENTS = YES;
				CLANG_WARN_EMPTY_BODY = YES;
				CLANG_WARN_ENUM_CONVERSION = YES;
				CLANG_WARN_INFINITE_RECURSION = YES;
				CLANG_WARN_INT_CONVERSION = YES;
				CLANG_WARN_NON_LITERAL_NULL_CONVERSION = YES;
				CLANG_WARN_OBJC_IMPLICIT_RETAIN_SELF = YES;
				CLANG_WARN_OBJC_LITERAL_CONVERSION = YES;
				CLANG_WARN_OBJC_ROOT_CLASS = YES_ERROR;
				CLANG_WARN_QUOTED_INCLUDE_IN_FRAMEWORK_HEADER = YES;
				CLANG_WARN_RANGE_LOOP_ANALYSIS = YES;
				CLANG_WARN_STRICT_PROTOTYPES = YES;
				CLANG_WARN_SUSPICIOUS_MOVE = YES;
				CLANG_WARN_UNGUARDED_AVAILABILITY = YES_AGGRESSIVE;
				CLANG_WARN_UNREACHABLE_CODE = YES;
				CLANG_WARN__DUPLICATE_METHOD_MATCH = YES;
				COPY_PHASE_STRIP = NO;
				DEBUG_INFORMATION_FORMAT = dwarf;
				ENABLE_STRICT_OBJC_MSGSEND = YES;
				ENABLE_TESTABILITY = YES;
				ENABLE_USER_SCRIPT_SANDBOXING = YES;
				GCC_C_LANGUAGE_STANDARD = gnu17;
				GCC_DYNAMIC_NO_PIC = NO;
				GCC_NO_COMMON_BLOCKS = YES;
				GCC_OPTIMIZATION_LEVEL = 0;
				GCC_PREPROCESSOR_DEFINITIONS = (
					"DEBUG=1",
					"$(inherited)",
				);
				GCC_WARN_64_TO_32_BIT_CONVERSION = YES;
				GCC_WARN_ABOUT_RETURN_TYPE = YES_ERROR;
				GCC_WARN_UNDECLARED_SELECTOR = YES;
				GCC_WARN_UNINITIALIZED_AUTOS = YES_AGGRESSIVE;
				GCC_WARN_UNUSED_FUNCTION = YES;
				GCC_WARN_UNUSED_VARIABLE = YES;
				IPHONEOS_DEPLOYMENT_TARGET = 18.0;
				LOCALIZATION_PREFERS_STRING_CATALOGS = YES;
				MTL_ENABLE_DEBUG_INFO = INCLUDE_SOURCE;
				MTL_FAST_MATH = YES;
				ONLY_ACTIVE_ARCH = YES;
				SDKROOT = iphoneos;
				SWIFT_ACTIVE_COMPILATION_CONDITIONS = "DEBUG $(inherited)";
				SWIFT_OPTIMIZATION_LEVEL = "-Onone";
			};
			name = Debug;
		};
		8BA6C3A92E454907005B468A /* Release */ = {
			isa = XCBuildConfiguration;
			buildSettings = {
				ALWAYS_SEARCH_USER_PATHS = NO;
				ASSETCATALOG_COMPILER_GENERATE_SWIFT_ASSET_SYMBOL_EXTENSIONS = YES;
				CLANG_ANALYZER_NONNULL = YES;
				CLANG_ANALYZER_NUMBER_OBJECT_CONVERSION = YES_AGGRESSIVE;
				CLANG_CXX_LANGUAGE_STANDARD = "gnu++20";
				CLANG_ENABLE_MODULES = YES;
				CLANG_ENABLE_OBJC_ARC = YES;
				CLANG_ENABLE_OBJC_WEAK = YES;
				CLANG_WARN_BLOCK_CAPTURE_AUTORELEASING = YES;
				CLANG_WARN_BOOL_CONVERSION = YES;
				CLANG_WARN_COMMA = YES;
				CLANG_WARN_CONSTANT_CONVERSION = YES;
				CLANG_WARN_DEPRECATED_OBJC_IMPLEMENTATIONS = YES;
				CLANG_WARN_DIRECT_OBJC_ISA_USAGE = YES_ERROR;
				CLANG_WARN_DOCUMENTATION_COMMENTS = YES;
				CLANG_WARN_EMPTY_BODY = YES;
				CLANG_WARN_ENUM_CONVERSION = YES;
				CLANG_WARN_INFINITE_RECURSION = YES;
				CLANG_WARN_INT_CONVERSION = YES;
				CLANG_WARN_NON_LITERAL_NULL_CONVERSION = YES;
				CLANG_WARN_OBJC_IMPLICIT_RETAIN_SELF = YES;
				CLANG_WARN_OBJC_LITERAL_CONVERSION = YES;
				CLANG_WARN_OBJC_ROOT_CLASS = YES_ERROR;
				CLANG_WARN_QUOTED_INCLUDE_IN_FRAMEWORK_HEADER = YES;
				CLANG_WARN_RANGE_LOOP_ANALYSIS = YES;
				CLANG_WARN_STRICT_PROTOTYPES = YES;
				CLANG_WARN_SUSPICIOUS_MOVE = YES;
				CLANG_WARN_UNGUARDED_AVAILABILITY = YES_AGGRESSIVE;
				CLANG_WARN_UNREACHABLE_CODE = YES;
				CLANG_WARN__DUPLICATE_METHOD_MATCH = YES;
				COPY_PHASE_STRIP = NO;
				DEBUG_INFORMATION_FORMAT = "dwarf-with-dsym";
				ENABLE_NS_ASSERTIONS = NO;
				ENABLE_STRICT_OBJC_MSGSEND = YES;
				ENABLE_USER_SCRIPT_SANDBOXING = YES;
				GCC_C_LANGUAGE_STANDARD = gnu17;
				GCC_NO_COMMON_BLOCKS = YES;
				GCC_WARN_64_TO_32_BIT_CONVERSION = YES;
				GCC_WARN_ABOUT_RETURN_TYPE = YES_ERROR;
				GCC_WARN_UNDECLARED_SELECTOR = YES;
				GCC_WARN_UNINITIALIZED_AUTOS = YES_AGGRESSIVE;
				GCC_WARN_UNUSED_FUNCTION = YES;
				GCC_WARN_UNUSED_VARIABLE = YES;
				IPHONEOS_DEPLOYMENT_TARGET = 18.0;
				LOCALIZATION_PREFERS_STRING_CATALOGS = YES;
				MTL_ENABLE_DEBUG_INFO = NO;
				MTL_FAST_MATH = YES;
				SDKROOT = iphoneos;
				SWIFT_COMPILATION_MODE = wholemodule;
				VALIDATE_PRODUCT = YES;
			};
			name = Release;
		};
		8BA6C3AB2E454907005B468A /* Debug */ = {
			isa = XCBuildConfiguration;
			buildSettings = {
				BUNDLE_LOADER = "$(TEST_HOST)";
				CODE_SIGN_STYLE = Automatic;
				CURRENT_PROJECT_VERSION = 1;
				DEVELOPMENT_TEAM = "";
				GENERATE_INFOPLIST_FILE = YES;
				IPHONEOS_DEPLOYMENT_TARGET = 18.0;
				MARKETING_VERSION = 1.0;
				PRODUCT_BUNDLE_IDENTIFIER = tak.seStack.StackExchangeUsersTests;
				PRODUCT_NAME = "$(TARGET_NAME)";
				SWIFT_EMIT_LOC_STRINGS = NO;
				SWIFT_VERSION = 5.0;
				TARGETED_DEVICE_FAMILY = "1,2";
				TEST_HOST = "$(BUILT_PRODUCTS_DIR)/StackExchangeUsers.app/$(BUNDLE_EXECUTABLE_FOLDER_PATH)/StackExchangeUsers";
			};
			name = Debug;
		};
		8BA6C3AC2E454907005B468A /* Release */ = {
			isa = XCBuildConfiguration;
			buildSettings = {
				BUNDLE_LOADER = "$(TEST_HOST)";
				CODE_SIGN_STYLE = Automatic;
				CURRENT_PROJECT_VERSION = 1;
				DEVELOPMENT_TEAM = "";
				GENERATE_INFOPLIST_FILE = YES;
				IPHONEOS_DEPLOYMENT_TARGET = 18.0;
				MARKETING_VERSION = 1.0;
				PRODUCT_BUNDLE_IDENTIFIER = tak.seStack.StackExchangeUsersTests;
				PRODUCT_NAME = "$(TARGET_NAME)";
				SWIFT_EMIT_LOC_STRINGS = NO;
				SWIFT_VERSION = 5.0;
				TARGETED_DEVICE_FAMILY = "1,2";
				TEST_HOST = "$(BUILT_PRODUCTS_DIR)/StackExchangeUsers.app/$(BUNDLE_EXECUTABLE_FOLDER_PATH)/StackExchangeUsers";
			};
			name = Release;
		};
		8BA6C3AE2E454907005B468A /* Debug */ = {
			isa = XCBuildConfiguration;
			buildSettings = {
				CODE_SIGN_STYLE = Automatic;
				CURRENT_PROJECT_VERSION = 1;
				DEVELOPMENT_TEAM = D9SX45YF8X;
				GENERATE_INFOPLIST_FILE = YES;
				MARKETING_VERSION = 1.0;
				PRODUCT_BUNDLE_IDENTIFIER = tak.seStack.StackExchangeUsersUITests;
				PRODUCT_NAME = "$(TARGET_NAME)";
				SWIFT_EMIT_LOC_STRINGS = NO;
				SWIFT_VERSION = 5.0;
				TARGETED_DEVICE_FAMILY = "1,2";
				TEST_TARGET_NAME = StackExchangeUsers;
			};
			name = Debug;
		};
		8BA6C3AF2E454907005B468A /* Release */ = {
			isa = XCBuildConfiguration;
			buildSettings = {
				CODE_SIGN_STYLE = Automatic;
				CURRENT_PROJECT_VERSION = 1;
				DEVELOPMENT_TEAM = D9SX45YF8X;
				GENERATE_INFOPLIST_FILE = YES;
				MARKETING_VERSION = 1.0;
				PRODUCT_BUNDLE_IDENTIFIER = tak.seStack.StackExchangeUsersUITests;
				PRODUCT_NAME = "$(TARGET_NAME)";
				SWIFT_EMIT_LOC_STRINGS = NO;
				SWIFT_VERSION = 5.0;
				TARGETED_DEVICE_FAMILY = "1,2";
				TEST_TARGET_NAME = StackExchangeUsers;
			};
			name = Release;
		};
/* End XCBuildConfiguration section */

/* Begin XCConfigurationList section */
		8BA6C3772E454904005B468A /* Build configuration list for PBXProject "StackExchangeUsers" */ = {
			isa = XCConfigurationList;
			buildConfigurations = (
				8BA6C3A82E454907005B468A /* Debug */,
				8BA6C3A92E454907005B468A /* Release */,
			);
			defaultConfigurationIsVisible = 0;
			defaultConfigurationName = Release;
		};
		8BA6C3A52E454907005B468A /* Build configuration list for PBXNativeTarget "StackExchangeUsers" */ = {
			isa = XCConfigurationList;
			buildConfigurations = (
				8BA6C3A62E454907005B468A /* Debug */,
				8BA6C3A72E454907005B468A /* Release */,
			);
			defaultConfigurationIsVisible = 0;
			defaultConfigurationName = Release;
		};
		8BA6C3AA2E454907005B468A /* Build configuration list for PBXNativeTarget "StackExchangeUsersTests" */ = {
			isa = XCConfigurationList;
			buildConfigurations = (
				8BA6C3AB2E454907005B468A /* Debug */,
				8BA6C3AC2E454907005B468A /* Release */,
			);
			defaultConfigurationIsVisible = 0;
			defaultConfigurationName = Release;
		};
		8BA6C3AD2E454907005B468A /* Build configuration list for PBXNativeTarget "StackExchangeUsersUITests" */ = {
			isa = XCConfigurationList;
			buildConfigurations = (
				8BA6C3AE2E454907005B468A /* Debug */,
				8BA6C3AF2E454907005B468A /* Release */,
			);
			defaultConfigurationIsVisible = 0;
			defaultConfigurationName = Release;
		};
/* End XCConfigurationList section */

/* Begin XCSwiftPackageProductDependency section */
		8B08D9C52E4A499200CD30E3 /* CoreFoundational */ = {
			isa = XCSwiftPackageProductDependency;
			productName = CoreFoundational;
		};
		8B08D9C72E4A499200CD30E3 /* CorePresentation */ = {
			isa = XCSwiftPackageProductDependency;
			productName = CorePresentation;
		};
		8B08D9C92E4A499200CD30E3 /* CoreStackExchange */ = {
			isa = XCSwiftPackageProductDependency;
			productName = CoreStackExchange;
		};
		8BA6C3E62E454970005B468A /* CoreFoundational */ = {
			isa = XCSwiftPackageProductDependency;
			productName = CoreFoundational;
		};
		8BA6C3E82E454970005B468A /* CoreNetworking */ = {
			isa = XCSwiftPackageProductDependency;
			productName = CoreNetworking;
		};
		8BA6C3EA2E454970005B468A /* CorePresentation */ = {
			isa = XCSwiftPackageProductDependency;
			productName = CorePresentation;
		};
		8BA6C3EC2E454970005B468A /* CoreStackExchange */ = {
			isa = XCSwiftPackageProductDependency;
			productName = CoreStackExchange;
		};
		8BA6C3EE2E45497E005B468A /* CoreTesting */ = {
			isa = XCSwiftPackageProductDependency;
			productName = CoreTesting;
		};
		8BA6C3F02E45497E005B468A /* MockNetworking */ = {
			isa = XCSwiftPackageProductDependency;
			productName = MockNetworking;
		};
		8BA6C3F22E4549D1005B468A /* MockNetworking */ = {
			isa = XCSwiftPackageProductDependency;
			productName = MockNetworking;
		};
		8BA6C3F42E454A09005B468A /* CoreNetworking */ = {
			isa = XCSwiftPackageProductDependency;
			productName = CoreNetworking;
		};
/* End XCSwiftPackageProductDependency section */
	};
	rootObject = 8BA6C3742E454904005B468A /* Project object */;
}
